
Microsoft Visual Studio Solution File, Format Version 10.00
# Visual C++ Express 2008
Project("{8BC9CEB8-8B4A-11D0-8D11-00A0C91BC942}") = "Mercury2", "Mercury2.vcproj", "{071CC088-86A7-4A9F-9FEE-50BD69132886}"
EndProject
Global
	GlobalSection(SolutionConfigurationPlatforms) = preSolution
		Debug|Win32 = Debug|Win32
		Release|Win32 = Release|Win32
	EndGlobalSection
	GlobalSection(ProjectConfigurationPlatforms) = postSolution
		{071CC088-86A7-4A9F-9FEE-50BD69132886}.Debug|Win32.ActiveCfg = Debug|Win32
		{071CC088-86A7-4A9F-9FEE-50BD69132886}.Debug|Win32.Build.0 = Debug|Win32
		{071CC088-86A7-4A9F-9FEE-50BD69132886}.Release|Win32.ActiveCfg = Release|Win32
		{071CC088-86A7-4A9F-9FEE-50BD69132886}.Release|Win32.Build.0 = Release|Win32
	EndGlobalSection
	GlobalSection(SolutionProperties) = preSolution
		HideSolutionNode = FALSE
	EndGlobalSection
EndGlobal
